// !$*UTF8*$!
{
	archiveVersion = 1;
	classes = {
	};
	objectVersion = 56;
	objects = {

/* Begin PBXBuildFile section */
		69930EEE297FFF96007565A6 /* Sako0602_kadai15_swiftUIApp.swift in Sources */ = {isa = PBXBuildFile; fileRef = 69930EED297FFF96007565A6 /* Sako0602_kadai15_swiftUIApp.swift */; };
		69930EF0297FFF96007565A6 /* ContentView.swift in Sources */ = {isa = PBXBuildFile; fileRef = 69930EEF297FFF96007565A6 /* ContentView.swift */; };
		69930EF2297FFF9B007565A6 /* Assets.xcassets in Resources */ = {isa = PBXBuildFile; fileRef = 69930EF1297FFF9B007565A6 /* Assets.xcassets */; };
		69930EF5297FFF9B007565A6 /* Preview Assets.xcassets in Resources */ = {isa = PBXBuildFile; fileRef = 69930EF4297FFF9B007565A6 /* Preview Assets.xcassets */; };
		69930EFF297FFF9B007565A6 /* Sako0602_kadai15_swiftUITests.swift in Sources */ = {isa = PBXBuildFile; fileRef = 69930EFE297FFF9B007565A6 /* Sako0602_kadai15_swiftUITests.swift */; };
		69930F09297FFF9B007565A6 /* Sako0602_kadai15_swiftUIUITests.swift in Sources */ = {isa = PBXBuildFile; fileRef = 69930F08297FFF9B007565A6 /* Sako0602_kadai15_swiftUIUITests.swift */; };
		69930F0B297FFF9B007565A6 /* Sako0602_kadai15_swiftUIUITestsLaunchTests.swift in Sources */ = {isa = PBXBuildFile; fileRef = 69930F0A297FFF9B007565A6 /* Sako0602_kadai15_swiftUIUITestsLaunchTests.swift */; };
		69930F18297FFFB7007565A6 /* FruitsAddView.swift in Sources */ = {isa = PBXBuildFile; fileRef = 69930F17297FFFB6007565A6 /* FruitsAddView.swift */; };
/* End PBXBuildFile section */

/* Begin PBXContainerItemProxy section */
		69930EFB297FFF9B007565A6 /* PBXContainerItemProxy */ = {
			isa = PBXContainerItemProxy;
			containerPortal = 69930EE2297FFF95007565A6 /* Project object */;
			proxyType = 1;
			remoteGlobalIDString = 69930EE9297FFF96007565A6;
			remoteInfo = "Sako0602-kadai15-swiftUI";
		};
		69930F05297FFF9B007565A6 /* PBXContainerItemProxy */ = {
			isa = PBXContainerItemProxy;
			containerPortal = 69930EE2297FFF95007565A6 /* Project object */;
			proxyType = 1;
			remoteGlobalIDString = 69930EE9297FFF96007565A6;
			remoteInfo = "Sako0602-kadai15-swiftUI";
		};
/* End PBXContainerItemProxy section */

/* Begin PBXFileReference section */
		69930EEA297FFF96007565A6 /* Sako0602-kadai15-swiftUI.app */ = {isa = PBXFileReference; explicitFileType = wrapper.application; includeInIndex = 0; path = "Sako0602-kadai15-swiftUI.app"; sourceTree = BUILT_PRODUCTS_DIR; };
		69930EED297FFF96007565A6 /* Sako0602_kadai15_swiftUIApp.swift */ = {isa = PBXFileReference; lastKnownFileType = sourcecode.swift; path = Sako0602_kadai15_swiftUIApp.swift; sourceTree = "<group>"; };
		69930EEF297FFF96007565A6 /* ContentView.swift */ = {isa = PBXFileReference; lastKnownFileType = sourcecode.swift; path = ContentView.swift; sourceTree = "<group>"; };
		69930EF1297FFF9B007565A6 /* Assets.xcassets */ = {isa = PBXFileReference; lastKnownFileType = folder.assetcatalog; path = Assets.xcassets; sourceTree = "<group>"; };
		69930EF4297FFF9B007565A6 /* Preview Assets.xcassets */ = {isa = PBXFileReference; lastKnownFileType = folder.assetcatalog; path = "Preview Assets.xcassets"; sourceTree = "<group>"; };
		69930EFA297FFF9B007565A6 /* Sako0602-kadai15-swiftUITests.xctest */ = {isa = PBXFileReference; explicitFileType = wrapper.cfbundle; includeInIndex = 0; path = "Sako0602-kadai15-swiftUITests.xctest"; sourceTree = BUILT_PRODUCTS_DIR; };
		69930EFE297FFF9B007565A6 /* Sako0602_kadai15_swiftUITests.swift */ = {isa = PBXFileReference; lastKnownFileType = sourcecode.swift; path = Sako0602_kadai15_swiftUITests.swift; sourceTree = "<group>"; };
		69930F04297FFF9B007565A6 /* Sako0602-kadai15-swiftUIUITests.xctest */ = {isa = PBXFileReference; explicitFileType = wrapper.cfbundle; includeInIndex = 0; path = "Sako0602-kadai15-swiftUIUITests.xctest"; sourceTree = BUILT_PRODUCTS_DIR; };
		69930F08297FFF9B007565A6 /* Sako0602_kadai15_swiftUIUITests.swift */ = {isa = PBXFileReference; lastKnownFileType = sourcecode.swift; path = Sako0602_kadai15_swiftUIUITests.swift; sourceTree = "<group>"; };
		69930F0A297FFF9B007565A6 /* Sako0602_kadai15_swiftUIUITestsLaunchTests.swift */ = {isa = PBXFileReference; lastKnownFileType = sourcecode.swift; path = Sako0602_kadai15_swiftUIUITestsLaunchTests.swift; sourceTree = "<group>"; };
		69930F17297FFFB6007565A6 /* FruitsAddView.swift */ = {isa = PBXFileReference; fileEncoding = 4; lastKnownFileType = sourcecode.swift; path = FruitsAddView.swift; sourceTree = "<group>"; };
		69930F192980034D007565A6 /* MyPlayground.playground */ = {isa = PBXFileReference; lastKnownFileType = file.playground; path = MyPlayground.playground; sourceTree = "<group>"; xcLanguageSpecificationIdentifier = xcode.lang.swift; };
/* End PBXFileReference section */

/* Begin PBXFrameworksBuildPhase section */
		69930EE7297FFF96007565A6 /* Frameworks */ = {
			isa = PBXFrameworksBuildPhase;
			buildActionMask = 2147483647;
			files = (
			);
			runOnlyForDeploymentPostprocessing = 0;
		};
		69930EF7297FFF9B007565A6 /* Frameworks */ = {
			isa = PBXFrameworksBuildPhase;
			buildActionMask = 2147483647;
			files = (
			);
			runOnlyForDeploymentPostprocessing = 0;
		};
		69930F01297FFF9B007565A6 /* Frameworks */ = {
			isa = PBXFrameworksBuildPhase;
			buildActionMask = 2147483647;
			files = (
			);
			runOnlyForDeploymentPostprocessing = 0;
		};
/* End PBXFrameworksBuildPhase section */

/* Begin PBXGroup section */
		69930EE1297FFF95007565A6 = {
			isa = PBXGroup;
			children = (
				69930EEC297FFF96007565A6 /* Sako0602-kadai15-swiftUI */,
				69930EFD297FFF9B007565A6 /* Sako0602-kadai15-swiftUITests */,
				69930F07297FFF9B007565A6 /* Sako0602-kadai15-swiftUIUITests */,
				69930EEB297FFF96007565A6 /* Products */,
			);
			sourceTree = "<group>";
		};
		69930EEB297FFF96007565A6 /* Products */ = {
			isa = PBXGroup;
			children = (
				69930EEA297FFF96007565A6 /* Sako0602-kadai15-swiftUI.app */,
				69930EFA297FFF9B007565A6 /* Sako0602-kadai15-swiftUITests.xctest */,
				69930F04297FFF9B007565A6 /* Sako0602-kadai15-swiftUIUITests.xctest */,
			);
			name = Products;
			sourceTree = "<group>";
		};
		69930EEC297FFF96007565A6 /* Sako0602-kadai15-swiftUI */ = {
			isa = PBXGroup;
			children = (
				69930EED297FFF96007565A6 /* Sako0602_kadai15_swiftUIApp.swift */,
				69930EEF297FFF96007565A6 /* ContentView.swift */,
				69930F17297FFFB6007565A6 /* FruitsAddView.swift */,
				69930F192980034D007565A6 /* MyPlayground.playground */,
				69930EF1297FFF9B007565A6 /* Assets.xcassets */,
				69930EF3297FFF9B007565A6 /* Preview Content */,
			);
			path = "Sako0602-kadai15-swiftUI";
			sourceTree = "<group>";
		};
		69930EF3297FFF9B007565A6 /* Preview Content */ = {
			isa = PBXGroup;
			children = (
				69930EF4297FFF9B007565A6 /* Preview Assets.xcassets */,
			);
			path = "Preview Content";
			sourceTree = "<group>";
		};
		69930EFD297FFF9B007565A6 /* Sako0602-kadai15-swiftUITests */ = {
			isa = PBXGroup;
			children = (
				69930EFE297FFF9B007565A6 /* Sako0602_kadai15_swiftUITests.swift */,
			);
			path = "Sako0602-kadai15-swiftUITests";
			sourceTree = "<group>";
		};
		69930F07297FFF9B007565A6 /* Sako0602-kadai15-swiftUIUITests */ = {
			isa = PBXGroup;
			children = (
				69930F08297FFF9B007565A6 /* Sako0602_kadai15_swiftUIUITests.swift */,
				69930F0A297FFF9B007565A6 /* Sako0602_kadai15_swiftUIUITestsLaunchTests.swift */,
			);
			path = "Sako0602-kadai15-swiftUIUITests";
			sourceTree = "<group>";
		};
/* End PBXGroup section */

/* Begin PBXNativeTarget section */
		69930EE9297FFF96007565A6 /* Sako0602-kadai15-swiftUI */ = {
			isa = PBXNativeTarget;
			buildConfigurationList = 69930F0E297FFF9B007565A6 /* Build configuration list for PBXNativeTarget "Sako0602-kadai15-swiftUI" */;
			buildPhases = (
				69930EE6297FFF96007565A6 /* Sources */,
				69930EE7297FFF96007565A6 /* Frameworks */,
				69930EE8297FFF96007565A6 /* Resources */,
			);
			buildRules = (
			);
			dependencies = (
			);
			name = "Sako0602-kadai15-swiftUI";
			productName = "Sako0602-kadai15-swiftUI";
			productReference = 69930EEA297FFF96007565A6 /* Sako0602-kadai15-swiftUI.app */;
			productType = "com.apple.product-type.application";
		};
		69930EF9297FFF9B007565A6 /* Sako0602-kadai15-swiftUITests */ = {
			isa = PBXNativeTarget;
			buildConfigurationList = 69930F11297FFF9B007565A6 /* Build configuration list for PBXNativeTarget "Sako0602-kadai15-swiftUITests" */;
			buildPhases = (
				69930EF6297FFF9B007565A6 /* Sources */,
				69930EF7297FFF9B007565A6 /* Frameworks */,
				69930EF8297FFF9B007565A6 /* Resources */,
			);
			buildRules = (
			);
			dependencies = (
				69930EFC297FFF9B007565A6 /* PBXTargetDependency */,
			);
			name = "Sako0602-kadai15-swiftUITests";
			productName = "Sako0602-kadai15-swiftUITests";
			productReference = 69930EFA297FFF9B007565A6 /* Sako0602-kadai15-swiftUITests.xctest */;
			productType = "com.apple.product-type.bundle.unit-test";
		};
		69930F03297FFF9B007565A6 /* Sako0602-kadai15-swiftUIUITests */ = {
			isa = PBXNativeTarget;
			buildConfigurationList = 69930F14297FFF9B007565A6 /* Build configuration list for PBXNativeTarget "Sako0602-kadai15-swiftUIUITests" */;
			buildPhases = (
				69930F00297FFF9B007565A6 /* Sources */,
				69930F01297FFF9B007565A6 /* Frameworks */,
				69930F02297FFF9B007565A6 /* Resources */,
			);
			buildRules = (
			);
			dependencies = (
				69930F06297FFF9B007565A6 /* PBXTargetDependency */,
			);
			name = "Sako0602-kadai15-swiftUIUITests";
			productName = "Sako0602-kadai15-swiftUIUITests";
			productReference = 69930F04297FFF9B007565A6 /* Sako0602-kadai15-swiftUIUITests.xctest */;
			productType = "com.apple.product-type.bundle.ui-testing";
		};
/* End PBXNativeTarget section */

/* Begin PBXProject section */
		69930EE2297FFF95007565A6 /* Project object */ = {
			isa = PBXProject;
			attributes = {
				BuildIndependentTargetsInParallel = 1;
				LastSwiftUpdateCheck = 1420;
				LastUpgradeCheck = 1420;
				TargetAttributes = {
					69930EE9297FFF96007565A6 = {
						CreatedOnToolsVersion = 14.2;
					};
					69930EF9297FFF9B007565A6 = {
						CreatedOnToolsVersion = 14.2;
						TestTargetID = 69930EE9297FFF96007565A6;
					};
					69930F03297FFF9B007565A6 = {
						CreatedOnToolsVersion = 14.2;
						TestTargetID = 69930EE9297FFF96007565A6;
					};
				};
			};
			buildConfigurationList = 69930EE5297FFF95007565A6 /* Build configuration list for PBXProject "Sako0602-kadai15-swiftUI" */;
			compatibilityVersion = "Xcode 14.0";
			developmentRegion = en;
			hasScannedForEncodings = 0;
			knownRegions = (
				en,
				Base,
			);
			mainGroup = 69930EE1297FFF95007565A6;
			productRefGroup = 69930EEB297FFF96007565A6 /* Products */;
			projectDirPath = "";
			projectRoot = "";
			targets = (
				69930EE9297FFF96007565A6 /* Sako0602-kadai15-swiftUI */,
				69930EF9297FFF9B007565A6 /* Sako0602-kadai15-swiftUITests */,
				69930F03297FFF9B007565A6 /* Sako0602-kadai15-swiftUIUITests */,
			);
		};
/* End PBXProject section */

/* Begin PBXResourcesBuildPhase section */
		69930EE8297FFF96007565A6 /* Resources */ = {
			isa = PBXResourcesBuildPhase;
			buildActionMask = 2147483647;
			files = (
				69930EF5297FFF9B007565A6 /* Preview Assets.xcassets in Resources */,
				69930EF2297FFF9B007565A6 /* Assets.xcassets in Resources */,
			);
			runOnlyForDeploymentPostprocessing = 0;
		};
		69930EF8297FFF9B007565A6 /* Resources */ = {
			isa = PBXResourcesBuildPhase;
			buildActionMask = 2147483647;
			files = (
			);
			runOnlyForDeploymentPostprocessing = 0;
		};
		69930F02297FFF9B007565A6 /* Resources */ = {
			isa = PBXResourcesBuildPhase;
			buildActionMask = 2147483647;
			files = (
			);
			runOnlyForDeploymentPostprocessing = 0;
		};
/* End PBXResourcesBuildPhase section */

/* Begin PBXSourcesBuildPhase section */
		69930EE6297FFF96007565A6 /* Sources */ = {
			isa = PBXSourcesBuildPhase;
			buildActionMask = 2147483647;
			files = (
				69930EF0297FFF96007565A6 /* ContentView.swift in Sources */,
				69930EEE297FFF96007565A6 /* Sako0602_kadai15_swiftUIApp.swift in Sources */,
				69930F18297FFFB7007565A6 /* FruitsAddView.swift in Sources */,
			);
			runOnlyForDeploymentPostprocessing = 0;
		};
		69930EF6297FFF9B007565A6 /* Sources */ = {
			isa = PBXSourcesBuildPhase;
			buildActionMask = 2147483647;
			files = (
				69930EFF297FFF9B007565A6 /* Sako0602_kadai15_swiftUITests.swift in Sources */,
			);
			runOnlyForDeploymentPostprocessing = 0;
		};
		69930F00297FFF9B007565A6 /* Sources */ = {
			isa = PBXSourcesBuildPhase;
			buildActionMask = 2147483647;
			files = (
				69930F09297FFF9B007565A6 /* Sako0602_kadai15_swiftUIUITests.swift in Sources */,
				69930F0B297FFF9B007565A6 /* Sako0602_kadai15_swiftUIUITestsLaunchTests.swift in Sources */,
			);
			runOnlyForDeploymentPostprocessing = 0;
		};
/* End PBXSourcesBuildPhase section */

/* Begin PBXTargetDependency section */
		69930EFC297FFF9B007565A6 /* PBXTargetDependency */ = {
			isa = PBXTargetDependency;
			target = 69930EE9297FFF96007565A6 /* Sako0602-kadai15-swiftUI */;
			targetProxy = 69930EFB297FFF9B007565A6 /* PBXContainerItemProxy */;
		};
		69930F06297FFF9B007565A6 /* PBXTargetDependency */ = {
			isa = PBXTargetDependency;
			target = 69930EE9297FFF96007565A6 /* Sako0602-kadai15-swiftUI */;
			targetProxy = 69930F05297FFF9B007565A6 /* PBXContainerItemProxy */;
		};
/* End PBXTargetDependency section */

/* Begin XCBuildConfiguration section */
		69930F0C297FFF9B007565A6 /* Debug */ = {
			isa = XCBuildConfiguration;
			buildSettings = {
				ALWAYS_SEARCH_USER_PATHS = NO;
				CLANG_ANALYZER_NONNULL = YES;
				CLANG_ANALYZER_NUMBER_OBJECT_CONVERSION = YES_AGGRESSIVE;
				CLANG_CXX_LANGUAGE_STANDARD = "gnu++20";
				CLANG_ENABLE_MODULES = YES;
				CLANG_ENABLE_OBJC_ARC = YES;
				CLANG_ENABLE_OBJC_WEAK = YES;
				CLANG_WARN_BLOCK_CAPTURE_AUTORELEASING = YES;
				CLANG_WARN_BOOL_CONVERSION = YES;
				CLANG_WARN_COMMA = YES;
				CLANG_WARN_CONSTANT_CONVERSION = YES;
				CLANG_WARN_DEPRECATED_OBJC_IMPLEMENTATIONS = YES;
				CLANG_WARN_DIRECT_OBJC_ISA_USAGE = YES_ERROR;
				CLANG_WARN_DOCUMENTATION_COMMENTS = YES;
				CLANG_WARN_EMPTY_BODY = YES;
				CLANG_WARN_ENUM_CONVERSION = YES;
				CLANG_WARN_INFINITE_RECURSION = YES;
				CLANG_WARN_INT_CONVERSION = YES;
				CLANG_WARN_NON_LITERAL_NULL_CONVERSION = YES;
				CLANG_WARN_OBJC_IMPLICIT_RETAIN_SELF = YES;
				CLANG_WARN_OBJC_LITERAL_CONVERSION = YES;
				CLANG_WARN_OBJC_ROOT_CLASS = YES_ERROR;
				CLANG_WARN_QUOTED_INCLUDE_IN_FRAMEWORK_HEADER = YES;
				CLANG_WARN_RANGE_LOOP_ANALYSIS = YES;
				CLANG_WARN_STRICT_PROTOTYPES = YES;
				CLANG_WARN_SUSPICIOUS_MOVE = YES;
				CLANG_WARN_UNGUARDED_AVAILABILITY = YES_AGGRESSIVE;
				CLANG_WARN_UNREACHABLE_CODE = YES;
				CLANG_WARN__DUPLICATE_METHOD_MATCH = YES;
				COPY_PHASE_STRIP = NO;
				DEBUG_INFORMATION_FORMAT = dwarf;
				ENABLE_STRICT_OBJC_MSGSEND = YES;
				ENABLE_TESTABILITY = YES;
				GCC_C_LANGUAGE_STANDARD = gnu11;
				GCC_DYNAMIC_NO_PIC = NO;
				GCC_NO_COMMON_BLOCKS = YES;
				GCC_OPTIMIZATION_LEVEL = 0;
				GCC_PREPROCESSOR_DEFINITIONS = (
					"DEBUG=1",
					"$(inherited)",
				);
				GCC_WARN_64_TO_32_BIT_CONVERSION = YES;
				GCC_WARN_ABOUT_RETURN_TYPE = YES_ERROR;
				GCC_WARN_UNDECLARED_SELECTOR = YES;
				GCC_WARN_UNINITIALIZED_AUTOS = YES_AGGRESSIVE;
				GCC_WARN_UNUSED_FUNCTION = YES;
				GCC_WARN_UNUSED_VARIABLE = YES;
				IPHONEOS_DEPLOYMENT_TARGET = 16.2;
				MTL_ENABLE_DEBUG_INFO = INCLUDE_SOURCE;
				MTL_FAST_MATH = YES;
				ONLY_ACTIVE_ARCH = YES;
				SDKROOT = iphoneos;
				SWIFT_ACTIVE_COMPILATION_CONDITIONS = DEBUG;
				SWIFT_OPTIMIZATION_LEVEL = "-Onone";
			};
			name = Debug;
		};
		69930F0D297FFF9B007565A6 /* Release */ = {
			isa = XCBuildConfiguration;
			buildSettings = {
				ALWAYS_SEARCH_USER_PATHS = NO;
				CLANG_ANALYZER_NONNULL = YES;
				CLANG_ANALYZER_NUMBER_OBJECT_CONVERSION = YES_AGGRESSIVE;
				CLANG_CXX_LANGUAGE_STANDARD = "gnu++20";
				CLANG_ENABLE_MODULES = YES;
				CLANG_ENABLE_OBJC_ARC = YES;
				CLANG_ENABLE_OBJC_WEAK = YES;
				CLANG_WARN_BLOCK_CAPTURE_AUTORELEASING = YES;
				CLANG_WARN_BOOL_CONVERSION = YES;
				CLANG_WARN_COMMA = YES;
				CLANG_WARN_CONSTANT_CONVERSION = YES;
				CLANG_WARN_DEPRECATED_OBJC_IMPLEMENTATIONS = YES;
				CLANG_WARN_DIRECT_OBJC_ISA_USAGE = YES_ERROR;
				CLANG_WARN_DOCUMENTATION_COMMENTS = YES;
				CLANG_WARN_EMPTY_BODY = YES;
				CLANG_WARN_ENUM_CONVERSION = YES;
				CLANG_WARN_INFINITE_RECURSION = YES;
				CLANG_WARN_INT_CONVERSION = YES;
				CLANG_WARN_NON_LITERAL_NULL_CONVERSION = YES;
				CLANG_WARN_OBJC_IMPLICIT_RETAIN_SELF = YES;
				CLANG_WARN_OBJC_LITERAL_CONVERSION = YES;
				CLANG_WARN_OBJC_ROOT_CLASS = YES_ERROR;
				CLANG_WARN_QUOTED_INCLUDE_IN_FRAMEWORK_HEADER = YES;
				CLANG_WARN_RANGE_LOOP_ANALYSIS = YES;
				CLANG_WARN_STRICT_PROTOTYPES = YES;
				CLANG_WARN_SUSPICIOUS_MOVE = YES;
				CLANG_WARN_UNGUARDED_AVAILABILITY = YES_AGGRESSIVE;
				CLANG_WARN_UNREACHABLE_CODE = YES;
				CLANG_WARN__DUPLICATE_METHOD_MATCH = YES;
				COPY_PHASE_STRIP = NO;
				DEBUG_INFORMATION_FORMAT = "dwarf-with-dsym";
				ENABLE_NS_ASSERTIONS = NO;
				ENABLE_STRICT_OBJC_MSGSEND = YES;
				GCC_C_LANGUAGE_STANDARD = gnu11;
				GCC_NO_COMMON_BLOCKS = YES;
				GCC_WARN_64_TO_32_BIT_CONVERSION = YES;
				GCC_WARN_ABOUT_RETURN_TYPE = YES_ERROR;
				GCC_WARN_UNDECLARED_SELECTOR = YES;
				GCC_WARN_UNINITIALIZED_AUTOS = YES_AGGRESSIVE;
				GCC_WARN_UNUSED_FUNCTION = YES;
				GCC_WARN_UNUSED_VARIABLE = YES;
				IPHONEOS_DEPLOYMENT_TARGET = 16.2;
				MTL_ENABLE_DEBUG_INFO = NO;
				MTL_FAST_MATH = YES;
				SDKROOT = iphoneos;
				SWIFT_COMPILATION_MODE = wholemodule;
				SWIFT_OPTIMIZATION_LEVEL = "-O";
				VALIDATE_PRODUCT = YES;
			};
			name = Release;
		};
		69930F0F297FFF9B007565A6 /* Debug */ = {
			isa = XCBuildConfiguration;
			buildSettings = {
				ASSETCATALOG_COMPILER_APPICON_NAME = AppIcon;
				ASSETCATALOG_COMPILER_GLOBAL_ACCENT_COLOR_NAME = AccentColor;
				CODE_SIGN_STYLE = Automatic;
				CURRENT_PROJECT_VERSION = 1;
				DEVELOPMENT_ASSET_PATHS = "\"Sako0602-kadai15-swiftUI/Preview Content\"";
				ENABLE_PREVIEWS = YES;
				GENERATE_INFOPLIST_FILE = YES;
				INFOPLIST_KEY_UIApplicationSceneManifest_Generation = YES;
				INFOPLIST_KEY_UIApplicationSupportsIndirectInputEvents = YES;
				INFOPLIST_KEY_UILaunchScreen_Generation = YES;
				INFOPLIST_KEY_UISupportedInterfaceOrientations_iPad = "UIInterfaceOrientationPortrait UIInterfaceOrientationPortraitUpsideDown UIInterfaceOrientationLandscapeLeft UIInterfaceOrientationLandscapeRight";
				INFOPLIST_KEY_UISupportedInterfaceOrientations_iPhone = "UIInterfaceOrientationPortrait UIInterfaceOrientationLandscapeLeft UIInterfaceOrientationLandscapeRight";
				LD_RUNPATH_SEARCH_PATHS = (
					"$(inherited)",
					"@executable_path/Frameworks",
				);
				MARKETING_VERSION = 1.0;
				PRODUCT_BUNDLE_IDENTIFIER = "com.sako.Sako0602-kadai15-swiftUI";
				PRODUCT_NAME = "$(TARGET_NAME)";
				SWIFT_EMIT_LOC_STRINGS = YES;
				SWIFT_VERSION = 5.0;
				TARGETED_DEVICE_FAMILY = "1,2";
			};
			name = Debug;
		};
		69930F10297FFF9B007565A6 /* Release */ = {
			isa = XCBuildConfiguration;
			buildSettings = {
				ASSETCATALOG_COMPILER_APPICON_NAME = AppIcon;
				ASSETCATALOG_COMPILER_GLOBAL_ACCENT_COLOR_NAME = AccentColor;
				CODE_SIGN_STYLE = Automatic;
				CURRENT_PROJECT_VERSION = 1;
				DEVELOPMENT_ASSET_PATHS = "\"Sako0602-kadai15-swiftUI/Preview Content\"";
				ENABLE_PREVIEWS = YES;
				GENERATE_INFOPLIST_FILE = YES;
				INFOPLIST_KEY_UIApplicationSceneManifest_Generation = YES;
				INFOPLIST_KEY_UIApplicationSupportsIndirectInputEvents = YES;
				INFOPLIST_KEY_UILaunchScreen_Generation = YES;
				INFOPLIST_KEY_UISupportedInterfaceOrientations_iPad = "UIInterfaceOrientationPortrait UIInterfaceOrientationPortraitUpsideDown UIInterfaceOrientationLandscapeLeft UIInterfaceOrientationLandscapeRight";
				INFOPLIST_KEY_UISupportedInterfaceOrientations_iPhone = "UIInterfaceOrientationPortrait UIInterfaceOrientationLandscapeLeft UIInterfaceOrientationLandscapeRight";
				LD_RUNPATH_SEARCH_PATHS = (
					"$(inherited)",
					"@executable_path/Frameworks",
				);
				MARKETING_VERSION = 1.0;
				PRODUCT_BUNDLE_IDENTIFIER = "com.sako.Sako0602-kadai15-swiftUI";
				PRODUCT_NAME = "$(TARGET_NAME)";
				SWIFT_EMIT_LOC_STRINGS = YES;
				SWIFT_VERSION = 5.0;
				TARGETED_DEVICE_FAMILY = "1,2";
			};
			name = Release;
		};
		69930F12297FFF9B007565A6 /* Debug */ = {
			isa = XCBuildConfiguration;
			buildSettings = {
				ALWAYS_EMBED_SWIFT_STANDARD_LIBRARIES = YES;
				BUNDLE_LOADER = "$(TEST_HOST)";
				CODE_SIGN_STYLE = Automatic;
				CURRENT_PROJECT_VERSION = 1;
				GENERATE_INFOPLIST_FILE = YES;
				IPHONEOS_DEPLOYMENT_TARGET = 16.2;
				MARKETING_VERSION = 1.0;
				PRODUCT_BUNDLE_IDENTIFIER = "com.sako.Sako0602-kadai15-swiftUITests";
				PRODUCT_NAME = "$(TARGET_NAME)";
				SWIFT_EMIT_LOC_STRINGS = NO;
				SWIFT_VERSION = 5.0;
				TARGETED_DEVICE_FAMILY = "1,2";
				TEST_HOST = "$(BUILT_PRODUCTS_DIR)/Sako0602-kadai15-swiftUI.app/$(BUNDLE_EXECUTABLE_FOLDER_PATH)/Sako0602-kadai15-swiftUI";
			};
			name = Debug;
		};
		69930F13297FFF9B007565A6 /* Release */ = {
			isa = XCBuildConfiguration;
			buildSettings = {
				ALWAYS_EMBED_SWIFT_STANDARD_LIBRARIES = YES;
				BUNDLE_LOADER = "$(TEST_HOST)";
				CODE_SIGN_STYLE = Automatic;
				CURRENT_PROJECT_VERSION = 1;
				GENERATE_INFOPLIST_FILE = YES;
				IPHONEOS_DEPLOYMENT_TARGET = 16.2;
				MARKETING_VERSION = 1.0;
				PRODUCT_BUNDLE_IDENTIFIER = "com.sako.Sako0602-kadai15-swiftUITests";
				PRODUCT_NAME = "$(TARGET_NAME)";
				SWIFT_EMIT_LOC_STRINGS = NO;
				SWIFT_VERSION = 5.0;
				TARGETED_DEVICE_FAMILY = "1,2";
				TEST_HOST = "$(BUILT_PRODUCTS_DIR)/Sako0602-kadai15-swiftUI.app/$(BUNDLE_EXECUTABLE_FOLDER_PATH)/Sako0602-kadai15-swiftUI";
			};
			name = Release;
		};
		69930F15297FFF9B007565A6 /* Debug */ = {
			isa = XCBuildConfiguration;
			buildSettings = {
				ALWAYS_EMBED_SWIFT_STANDARD_LIBRARIES = YES;
				CODE_SIGN_STYLE = Automatic;
				CURRENT_PROJECT_VERSION = 1;
				GENERATE_INFOPLIST_FILE = YES;
				MARKETING_VERSION = 1.0;
				PRODUCT_BUNDLE_IDENTIFIER = "com.sako.Sako0602-kadai15-swiftUIUITests";
				PRODUCT_NAME = "$(TARGET_NAME)";
				SWIFT_EMIT_LOC_STRINGS = NO;
				SWIFT_VERSION = 5.0;
				TARGETED_DEVICE_FAMILY = "1,2";
				TEST_TARGET_NAME = "Sako0602-kadai15-swiftUI";
			};
			name = Debug;
		};
		69930F16297FFF9B007565A6 /* Release */ = {
			isa = XCBuildConfiguration;
			buildSettings = {
				ALWAYS_EMBED_SWIFT_STANDARD_LIBRARIES = YES;
				CODE_SIGN_STYLE = Automatic;
				CURRENT_PROJECT_VERSION = 1;
				GENERATE_INFOPLIST_FILE = YES;
				MARKETING_VERSION = 1.0;
				PRODUCT_BUNDLE_IDENTIFIER = "com.sako.Sako0602-kadai15-swiftUIUITests";
				PRODUCT_NAME = "$(TARGET_NAME)";
				SWIFT_EMIT_LOC_STRINGS = NO;
				SWIFT_VERSION = 5.0;
				TARGETED_DEVICE_FAMILY = "1,2";
				TEST_TARGET_NAME = "Sako0602-kadai15-swiftUI";
			};
			name = Release;
		};
/* End XCBuildConfiguration section */

/* Begin XCConfigurationList section */
		69930EE5297FFF95007565A6 /* Build configuration list for PBXProject "Sako0602-kadai15-swiftUI" */ = {
			isa = XCConfigurationList;
			buildConfigurations = (
				69930F0C297FFF9B007565A6 /* Debug */,
				69930F0D297FFF9B007565A6 /* Release */,
			);
			defaultConfigurationIsVisible = 0;
			defaultConfigurationName = Release;
		};
		69930F0E297FFF9B007565A6 /* Build configuration list for PBXNativeTarget "Sako0602-kadai15-swiftUI" */ = {
			isa = XCConfigurationList;
			buildConfigurations = (
				69930F0F297FFF9B007565A6 /* Debug */,
				69930F10297FFF9B007565A6 /* Release */,
			);
			defaultConfigurationIsVisible = 0;
			defaultConfigurationName = Release;
		};
		69930F11297FFF9B007565A6 /* Build configuration list for PBXNativeTarget "Sako0602-kadai15-swiftUITests" */ = {
			isa = XCConfigurationList;
			buildConfigurations = (
				69930F12297FFF9B007565A6 /* Debug */,
				69930F13297FFF9B007565A6 /* Release */,
			);
			defaultConfigurationIsVisible = 0;
			defaultConfigurationName = Release;
		};
		69930F14297FFF9B007565A6 /* Build configuration list for PBXNativeTarget "Sako0602-kadai15-swiftUIUITests" */ = {
			isa = XCConfigurationList;
			buildConfigurations = (
				69930F15297FFF9B007565A6 /* Debug */,
				69930F16297FFF9B007565A6 /* Release */,
			);
			defaultConfigurationIsVisible = 0;
			defaultConfigurationName = Release;
		};
/* End XCConfigurationList section */
	};
	rootObject = 69930EE2297FFF95007565A6 /* Project object */;
}
